// !$*UTF8*$!
{
	archiveVersion = 1;
	classes = {
	};
	objectVersion = 55;
	objects = {

/* Begin PBXBuildFile section */
		D80AF0652740D45E001117A0 /* AppDelegate.swift in Sources */ = {isa = PBXBuildFile; fileRef = D80AF0642740D45E001117A0 /* AppDelegate.swift */; };
		D80AF0672740D45E001117A0 /* SceneDelegate.swift in Sources */ = {isa = PBXBuildFile; fileRef = D80AF0662740D45E001117A0 /* SceneDelegate.swift */; };
		D80AF0692740D45E001117A0 /* ViewController.swift in Sources */ = {isa = PBXBuildFile; fileRef = D80AF0682740D45E001117A0 /* ViewController.swift */; };
		D80AF06C2740D45E001117A0 /* Main.storyboard in Resources */ = {isa = PBXBuildFile; fileRef = D80AF06A2740D45E001117A0 /* Main.storyboard */; };
		D80AF06E2740D461001117A0 /* Assets.xcassets in Resources */ = {isa = PBXBuildFile; fileRef = D80AF06D2740D461001117A0 /* Assets.xcassets */; };
		D80AF0712740D461001117A0 /* LaunchScreen.storyboard in Resources */ = {isa = PBXBuildFile; fileRef = D80AF06F2740D461001117A0 /* LaunchScreen.storyboard */; };
		D80AF0762740D461001117A0 /* Apple-WatchConnectivity WatchKit App.app in Embed Watch Content */ = {isa = PBXBuildFile; fileRef = D80AF0752740D461001117A0 /* Apple-WatchConnectivity WatchKit App.app */; settings = {ATTRIBUTES = (RemoveHeadersOnCopy, ); }; };
		D80AF07C2740D461001117A0 /* Interface.storyboard in Resources */ = {isa = PBXBuildFile; fileRef = D80AF07A2740D461001117A0 /* Interface.storyboard */; };
		D80AF07E2740D463001117A0 /* Assets.xcassets in Resources */ = {isa = PBXBuildFile; fileRef = D80AF07D2740D463001117A0 /* Assets.xcassets */; };
		D80AF0842740D463001117A0 /* Apple-WatchConnectivity WatchKit Extension.appex in Embed App Extensions */ = {isa = PBXBuildFile; fileRef = D80AF0832740D463001117A0 /* Apple-WatchConnectivity WatchKit Extension.appex */; settings = {ATTRIBUTES = (RemoveHeadersOnCopy, ); }; };
		D80AF0892740D463001117A0 /* InterfaceController.swift in Sources */ = {isa = PBXBuildFile; fileRef = D80AF0882740D463001117A0 /* InterfaceController.swift */; };
		D80AF08B2740D463001117A0 /* ExtensionDelegate.swift in Sources */ = {isa = PBXBuildFile; fileRef = D80AF08A2740D463001117A0 /* ExtensionDelegate.swift */; };
		D80AF08D2740D463001117A0 /* NotificationController.swift in Sources */ = {isa = PBXBuildFile; fileRef = D80AF08C2740D463001117A0 /* NotificationController.swift */; };
		D80AF08F2740D463001117A0 /* ComplicationController.swift in Sources */ = {isa = PBXBuildFile; fileRef = D80AF08E2740D463001117A0 /* ComplicationController.swift */; };
		D80AF0912740D466001117A0 /* Assets.xcassets in Resources */ = {isa = PBXBuildFile; fileRef = D80AF0902740D466001117A0 /* Assets.xcassets */; };
/* End PBXBuildFile section */

/* Begin PBXContainerItemProxy section */
		D80AF0772740D461001117A0 /* PBXContainerItemProxy */ = {
			isa = PBXContainerItemProxy;
			containerPortal = D80AF0592740D45E001117A0 /* Project object */;
			proxyType = 1;
			remoteGlobalIDString = D80AF0742740D461001117A0;
			remoteInfo = "Apple-WatchConnectivity WatchKit App";
		};
		D80AF0852740D463001117A0 /* PBXContainerItemProxy */ = {
			isa = PBXContainerItemProxy;
			containerPortal = D80AF0592740D45E001117A0 /* Project object */;
			proxyType = 1;
			remoteGlobalIDString = D80AF0822740D463001117A0;
			remoteInfo = "Apple-WatchConnectivity WatchKit Extension";
		};
/* End PBXContainerItemProxy section */

/* Begin PBXCopyFilesBuildPhase section */
		D80AF0992740D466001117A0 /* Embed App Extensions */ = {
			isa = PBXCopyFilesBuildPhase;
			buildActionMask = 2147483647;
			dstPath = "";
			dstSubfolderSpec = 13;
			files = (
				D80AF0842740D463001117A0 /* Apple-WatchConnectivity WatchKit Extension.appex in Embed App Extensions */,
			);
			name = "Embed App Extensions";
			runOnlyForDeploymentPostprocessing = 0;
		};
		D80AF09D2740D466001117A0 /* Embed Watch Content */ = {
			isa = PBXCopyFilesBuildPhase;
			buildActionMask = 2147483647;
			dstPath = "$(CONTENTS_FOLDER_PATH)/Watch";
			dstSubfolderSpec = 16;
			files = (
				D80AF0762740D461001117A0 /* Apple-WatchConnectivity WatchKit App.app in Embed Watch Content */,
			);
			name = "Embed Watch Content";
			runOnlyForDeploymentPostprocessing = 0;
		};
/* End PBXCopyFilesBuildPhase section */

/* Begin PBXFileReference section */
		D80AF0612740D45E001117A0 /* Apple-WatchConnectivity.app */ = {isa = PBXFileReference; explicitFileType = wrapper.application; includeInIndex = 0; path = "Apple-WatchConnectivity.app"; sourceTree = BUILT_PRODUCTS_DIR; };
		D80AF0642740D45E001117A0 /* AppDelegate.swift */ = {isa = PBXFileReference; lastKnownFileType = sourcecode.swift; path = AppDelegate.swift; sourceTree = "<group>"; };
		D80AF0662740D45E001117A0 /* SceneDelegate.swift */ = {isa = PBXFileReference; lastKnownFileType = sourcecode.swift; path = SceneDelegate.swift; sourceTree = "<group>"; };
		D80AF0682740D45E001117A0 /* ViewController.swift */ = {isa = PBXFileReference; lastKnownFileType = sourcecode.swift; path = ViewController.swift; sourceTree = "<group>"; };
		D80AF06B2740D45E001117A0 /* Base */ = {isa = PBXFileReference; lastKnownFileType = file.storyboard; name = Base; path = Base.lproj/Main.storyboard; sourceTree = "<group>"; };
		D80AF06D2740D461001117A0 /* Assets.xcassets */ = {isa = PBXFileReference; lastKnownFileType = folder.assetcatalog; path = Assets.xcassets; sourceTree = "<group>"; };
		D80AF0702740D461001117A0 /* Base */ = {isa = PBXFileReference; lastKnownFileType = file.storyboard; name = Base; path = Base.lproj/LaunchScreen.storyboard; sourceTree = "<group>"; };
		D80AF0722740D461001117A0 /* Info.plist */ = {isa = PBXFileReference; lastKnownFileType = text.plist.xml; path = Info.plist; sourceTree = "<group>"; };
		D80AF0752740D461001117A0 /* Apple-WatchConnectivity WatchKit App.app */ = {isa = PBXFileReference; explicitFileType = wrapper.application; includeInIndex = 0; path = "Apple-WatchConnectivity WatchKit App.app"; sourceTree = BUILT_PRODUCTS_DIR; };
		D80AF07B2740D461001117A0 /* Base */ = {isa = PBXFileReference; lastKnownFileType = file.storyboard; name = Base; path = Base.lproj/Interface.storyboard; sourceTree = "<group>"; };
		D80AF07D2740D463001117A0 /* Assets.xcassets */ = {isa = PBXFileReference; lastKnownFileType = folder.assetcatalog; path = Assets.xcassets; sourceTree = "<group>"; };
		D80AF0832740D463001117A0 /* Apple-WatchConnectivity WatchKit Extension.appex */ = {isa = PBXFileReference; explicitFileType = "wrapper.app-extension"; includeInIndex = 0; path = "Apple-WatchConnectivity WatchKit Extension.appex"; sourceTree = BUILT_PRODUCTS_DIR; };
		D80AF0882740D463001117A0 /* InterfaceController.swift */ = {isa = PBXFileReference; lastKnownFileType = sourcecode.swift; path = InterfaceController.swift; sourceTree = "<group>"; };
		D80AF08A2740D463001117A0 /* ExtensionDelegate.swift */ = {isa = PBXFileReference; lastKnownFileType = sourcecode.swift; path = ExtensionDelegate.swift; sourceTree = "<group>"; };
		D80AF08C2740D463001117A0 /* NotificationController.swift */ = {isa = PBXFileReference; lastKnownFileType = sourcecode.swift; path = NotificationController.swift; sourceTree = "<group>"; };
		D80AF08E2740D463001117A0 /* ComplicationController.swift */ = {isa = PBXFileReference; lastKnownFileType = sourcecode.swift; path = ComplicationController.swift; sourceTree = "<group>"; };
		D80AF0902740D466001117A0 /* Assets.xcassets */ = {isa = PBXFileReference; lastKnownFileType = folder.assetcatalog; path = Assets.xcassets; sourceTree = "<group>"; };
		D80AF0922740D466001117A0 /* Info.plist */ = {isa = PBXFileReference; lastKnownFileType = text.plist.xml; path = Info.plist; sourceTree = "<group>"; };
		D80AF0932740D466001117A0 /* PushNotificationPayload.apns */ = {isa = PBXFileReference; lastKnownFileType = text; path = PushNotificationPayload.apns; sourceTree = "<group>"; };
/* End PBXFileReference section */

/* Begin PBXFrameworksBuildPhase section */
		D80AF05E2740D45E001117A0 /* Frameworks */ = {
			isa = PBXFrameworksBuildPhase;
			buildActionMask = 2147483647;
			files = (
			);
			runOnlyForDeploymentPostprocessing = 0;
		};
		D80AF0802740D463001117A0 /* Frameworks */ = {
			isa = PBXFrameworksBuildPhase;
			buildActionMask = 2147483647;
			files = (
			);
			runOnlyForDeploymentPostprocessing = 0;
		};
/* End PBXFrameworksBuildPhase section */

/* Begin PBXGroup section */
		D80AF0582740D45E001117A0 = {
			isa = PBXGroup;
			children = (
				D80AF0632740D45E001117A0 /* Apple-WatchConnectivity */,
				D80AF0792740D461001117A0 /* Apple-WatchConnectivity WatchKit App */,
				D80AF0872740D463001117A0 /* Apple-WatchConnectivity WatchKit Extension */,
				D80AF0622740D45E001117A0 /* Products */,
			);
			sourceTree = "<group>";
		};
		D80AF0622740D45E001117A0 /* Products */ = {
			isa = PBXGroup;
			children = (
				D80AF0612740D45E001117A0 /* Apple-WatchConnectivity.app */,
				D80AF0752740D461001117A0 /* Apple-WatchConnectivity WatchKit App.app */,
				D80AF0832740D463001117A0 /* Apple-WatchConnectivity WatchKit Extension.appex */,
			);
			name = Products;
			sourceTree = "<group>";
		};
		D80AF0632740D45E001117A0 /* Apple-WatchConnectivity */ = {
			isa = PBXGroup;
			children = (
				D80AF0642740D45E001117A0 /* AppDelegate.swift */,
				D80AF0662740D45E001117A0 /* SceneDelegate.swift */,
				D80AF0682740D45E001117A0 /* ViewController.swift */,
				D80AF06A2740D45E001117A0 /* Main.storyboard */,
				D80AF06D2740D461001117A0 /* Assets.xcassets */,
				D80AF06F2740D461001117A0 /* LaunchScreen.storyboard */,
				D80AF0722740D461001117A0 /* Info.plist */,
			);
			path = "Apple-WatchConnectivity";
			sourceTree = "<group>";
		};
		D80AF0792740D461001117A0 /* Apple-WatchConnectivity WatchKit App */ = {
			isa = PBXGroup;
			children = (
				D80AF07A2740D461001117A0 /* Interface.storyboard */,
				D80AF07D2740D463001117A0 /* Assets.xcassets */,
			);
			path = "Apple-WatchConnectivity WatchKit App";
			sourceTree = "<group>";
		};
		D80AF0872740D463001117A0 /* Apple-WatchConnectivity WatchKit Extension */ = {
			isa = PBXGroup;
			children = (
				D80AF0882740D463001117A0 /* InterfaceController.swift */,
				D80AF08A2740D463001117A0 /* ExtensionDelegate.swift */,
				D80AF08C2740D463001117A0 /* NotificationController.swift */,
				D80AF08E2740D463001117A0 /* ComplicationController.swift */,
				D80AF0902740D466001117A0 /* Assets.xcassets */,
				D80AF0922740D466001117A0 /* Info.plist */,
				D80AF0932740D466001117A0 /* PushNotificationPayload.apns */,
			);
			path = "Apple-WatchConnectivity WatchKit Extension";
			sourceTree = "<group>";
		};
/* End PBXGroup section */

/* Begin PBXNativeTarget section */
		D80AF0602740D45E001117A0 /* Apple-WatchConnectivity */ = {
			isa = PBXNativeTarget;
			buildConfigurationList = D80AF09E2740D466001117A0 /* Build configuration list for PBXNativeTarget "Apple-WatchConnectivity" */;
			buildPhases = (
				D80AF05D2740D45E001117A0 /* Sources */,
				D80AF05E2740D45E001117A0 /* Frameworks */,
				D80AF05F2740D45E001117A0 /* Resources */,
				D80AF09D2740D466001117A0 /* Embed Watch Content */,
			);
			buildRules = (
			);
			dependencies = (
				D80AF0782740D461001117A0 /* PBXTargetDependency */,
			);
			name = "Apple-WatchConnectivity";
			productName = "Apple-WatchConnectivity";
			productReference = D80AF0612740D45E001117A0 /* Apple-WatchConnectivity.app */;
			productType = "com.apple.product-type.application";
		};
		D80AF0742740D461001117A0 /* Apple-WatchConnectivity WatchKit App */ = {
			isa = PBXNativeTarget;
			buildConfigurationList = D80AF09A2740D466001117A0 /* Build configuration list for PBXNativeTarget "Apple-WatchConnectivity WatchKit App" */;
			buildPhases = (
				D80AF0732740D461001117A0 /* Resources */,
				D80AF0992740D466001117A0 /* Embed App Extensions */,
			);
			buildRules = (
			);
			dependencies = (
				D80AF0862740D463001117A0 /* PBXTargetDependency */,
			);
			name = "Apple-WatchConnectivity WatchKit App";
			productName = "Apple-WatchConnectivity WatchKit App";
			productReference = D80AF0752740D461001117A0 /* Apple-WatchConnectivity WatchKit App.app */;
			productType = "com.apple.product-type.application.watchapp2";
		};
		D80AF0822740D463001117A0 /* Apple-WatchConnectivity WatchKit Extension */ = {
			isa = PBXNativeTarget;
			buildConfigurationList = D80AF0962740D466001117A0 /* Build configuration list for PBXNativeTarget "Apple-WatchConnectivity WatchKit Extension" */;
			buildPhases = (
				D80AF07F2740D463001117A0 /* Sources */,
				D80AF0802740D463001117A0 /* Frameworks */,
				D80AF0812740D463001117A0 /* Resources */,
			);
			buildRules = (
			);
			dependencies = (
			);
			name = "Apple-WatchConnectivity WatchKit Extension";
			productName = "Apple-WatchConnectivity WatchKit Extension";
			productReference = D80AF0832740D463001117A0 /* Apple-WatchConnectivity WatchKit Extension.appex */;
			productType = "com.apple.product-type.watchkit2-extension";
		};
/* End PBXNativeTarget section */

/* Begin PBXProject section */
		D80AF0592740D45E001117A0 /* Project object */ = {
			isa = PBXProject;
			attributes = {
				BuildIndependentTargetsInParallel = 1;
				LastSwiftUpdateCheck = 1310;
				LastUpgradeCheck = 1310;
				TargetAttributes = {
					D80AF0602740D45E001117A0 = {
						CreatedOnToolsVersion = 13.1;
					};
					D80AF0742740D461001117A0 = {
						CreatedOnToolsVersion = 13.1;
					};
					D80AF0822740D463001117A0 = {
						CreatedOnToolsVersion = 13.1;
					};
				};
			};
			buildConfigurationList = D80AF05C2740D45E001117A0 /* Build configuration list for PBXProject "Apple-WatchConnectivity" */;
			compatibilityVersion = "Xcode 13.0";
			developmentRegion = en;
			hasScannedForEncodings = 0;
			knownRegions = (
				en,
				Base,
			);
			mainGroup = D80AF0582740D45E001117A0;
			productRefGroup = D80AF0622740D45E001117A0 /* Products */;
			projectDirPath = "";
			projectRoot = "";
			targets = (
				D80AF0602740D45E001117A0 /* Apple-WatchConnectivity */,
				D80AF0742740D461001117A0 /* Apple-WatchConnectivity WatchKit App */,
				D80AF0822740D463001117A0 /* Apple-WatchConnectivity WatchKit Extension */,
			);
		};
/* End PBXProject section */

/* Begin PBXResourcesBuildPhase section */
		D80AF05F2740D45E001117A0 /* Resources */ = {
			isa = PBXResourcesBuildPhase;
			buildActionMask = 2147483647;
			files = (
				D80AF0712740D461001117A0 /* LaunchScreen.storyboard in Resources */,
				D80AF06E2740D461001117A0 /* Assets.xcassets in Resources */,
				D80AF06C2740D45E001117A0 /* Main.storyboard in Resources */,
			);
			runOnlyForDeploymentPostprocessing = 0;
		};
		D80AF0732740D461001117A0 /* Resources */ = {
			isa = PBXResourcesBuildPhase;
			buildActionMask = 2147483647;
			files = (
				D80AF07E2740D463001117A0 /* Assets.xcassets in Resources */,
				D80AF07C2740D461001117A0 /* Interface.storyboard in Resources */,
			);
			runOnlyForDeploymentPostprocessing = 0;
		};
		D80AF0812740D463001117A0 /* Resources */ = {
			isa = PBXResourcesBuildPhase;
			buildActionMask = 2147483647;
			files = (
				D80AF0912740D466001117A0 /* Assets.xcassets in Resources */,
			);
			runOnlyForDeploymentPostprocessing = 0;
		};
/* End PBXResourcesBuildPhase section */

/* Begin PBXSourcesBuildPhase section */
		D80AF05D2740D45E001117A0 /* Sources */ = {
			isa = PBXSourcesBuildPhase;
			buildActionMask = 2147483647;
			files = (
				D80AF0692740D45E001117A0 /* ViewController.swift in Sources */,
				D80AF0652740D45E001117A0 /* AppDelegate.swift in Sources */,
				D80AF0672740D45E001117A0 /* SceneDelegate.swift in Sources */,
			);
			runOnlyForDeploymentPostprocessing = 0;
		};
		D80AF07F2740D463001117A0 /* Sources */ = {
			isa = PBXSourcesBuildPhase;
			buildActionMask = 2147483647;
			files = (
				D80AF08D2740D463001117A0 /* NotificationController.swift in Sources */,
				D80AF08F2740D463001117A0 /* ComplicationController.swift in Sources */,
				D80AF08B2740D463001117A0 /* ExtensionDelegate.swift in Sources */,
				D80AF0892740D463001117A0 /* InterfaceController.swift in Sources */,
			);
			runOnlyForDeploymentPostprocessing = 0;
		};
/* End PBXSourcesBuildPhase section */

/* Begin PBXTargetDependency section */
		D80AF0782740D461001117A0 /* PBXTargetDependency */ = {
			isa = PBXTargetDependency;
			target = D80AF0742740D461001117A0 /* Apple-WatchConnectivity WatchKit App */;
			targetProxy = D80AF0772740D461001117A0 /* PBXContainerItemProxy */;
		};
		D80AF0862740D463001117A0 /* PBXTargetDependency */ = {
			isa = PBXTargetDependency;
			target = D80AF0822740D463001117A0 /* Apple-WatchConnectivity WatchKit Extension */;
			targetProxy = D80AF0852740D463001117A0 /* PBXContainerItemProxy */;
		};
/* End PBXTargetDependency section */

/* Begin PBXVariantGroup section */
		D80AF06A2740D45E001117A0 /* Main.storyboard */ = {
			isa = PBXVariantGroup;
			children = (
				D80AF06B2740D45E001117A0 /* Base */,
			);
			name = Main.storyboard;
			sourceTree = "<group>";
		};
		D80AF06F2740D461001117A0 /* LaunchScreen.storyboard */ = {
			isa = PBXVariantGroup;
			children = (
				D80AF0702740D461001117A0 /* Base */,
			);
			name = LaunchScreen.storyboard;
			sourceTree = "<group>";
		};
		D80AF07A2740D461001117A0 /* Interface.storyboard */ = {
			isa = PBXVariantGroup;
			children = (
				D80AF07B2740D461001117A0 /* Base */,
			);
			name = Interface.storyboard;
			sourceTree = "<group>";
		};
/* End PBXVariantGroup section */

/* Begin XCBuildConfiguration section */
		D80AF0942740D466001117A0 /* Debug */ = {
			isa = XCBuildConfiguration;
			buildSettings = {
				ALWAYS_SEARCH_USER_PATHS = NO;
				CLANG_ANALYZER_NONNULL = YES;
				CLANG_ANALYZER_NUMBER_OBJECT_CONVERSION = YES_AGGRESSIVE;
				CLANG_CXX_LANGUAGE_STANDARD = "gnu++17";
				CLANG_CXX_LIBRARY = "libc++";
				CLANG_ENABLE_MODULES = YES;
				CLANG_ENABLE_OBJC_ARC = YES;
				CLANG_ENABLE_OBJC_WEAK = YES;
				CLANG_WARN_BLOCK_CAPTURE_AUTORELEASING = YES;
				CLANG_WARN_BOOL_CONVERSION = YES;
				CLANG_WARN_COMMA = YES;
				CLANG_WARN_CONSTANT_CONVERSION = YES;
				CLANG_WARN_DEPRECATED_OBJC_IMPLEMENTATIONS = YES;
				CLANG_WARN_DIRECT_OBJC_ISA_USAGE = YES_ERROR;
				CLANG_WARN_DOCUMENTATION_COMMENTS = YES;
				CLANG_WARN_EMPTY_BODY = YES;
				CLANG_WARN_ENUM_CONVERSION = YES;
				CLANG_WARN_INFINITE_RECURSION = YES;
				CLANG_WARN_INT_CONVERSION = YES;
				CLANG_WARN_NON_LITERAL_NULL_CONVERSION = YES;
				CLANG_WARN_OBJC_IMPLICIT_RETAIN_SELF = YES;
				CLANG_WARN_OBJC_LITERAL_CONVERSION = YES;
				CLANG_WARN_OBJC_ROOT_CLASS = YES_ERROR;
				CLANG_WARN_QUOTED_INCLUDE_IN_FRAMEWORK_HEADER = YES;
				CLANG_WARN_RANGE_LOOP_ANALYSIS = YES;
				CLANG_WARN_STRICT_PROTOTYPES = YES;
				CLANG_WARN_SUSPICIOUS_MOVE = YES;
				CLANG_WARN_UNGUARDED_AVAILABILITY = YES_AGGRESSIVE;
				CLANG_WARN_UNREACHABLE_CODE = YES;
				CLANG_WARN__DUPLICATE_METHOD_MATCH = YES;
				COPY_PHASE_STRIP = NO;
				DEBUG_INFORMATION_FORMAT = dwarf;
				ENABLE_STRICT_OBJC_MSGSEND = YES;
				ENABLE_TESTABILITY = YES;
				GCC_C_LANGUAGE_STANDARD = gnu11;
				GCC_DYNAMIC_NO_PIC = NO;
				GCC_NO_COMMON_BLOCKS = YES;
				GCC_OPTIMIZATION_LEVEL = 0;
				GCC_PREPROCESSOR_DEFINITIONS = (
					"DEBUG=1",
					"$(inherited)",
				);
				GCC_WARN_64_TO_32_BIT_CONVERSION = YES;
				GCC_WARN_ABOUT_RETURN_TYPE = YES_ERROR;
				GCC_WARN_UNDECLARED_SELECTOR = YES;
				GCC_WARN_UNINITIALIZED_AUTOS = YES_AGGRESSIVE;
				GCC_WARN_UNUSED_FUNCTION = YES;
				GCC_WARN_UNUSED_VARIABLE = YES;
				MTL_ENABLE_DEBUG_INFO = INCLUDE_SOURCE;
				MTL_FAST_MATH = YES;
				ONLY_ACTIVE_ARCH = YES;
				SWIFT_ACTIVE_COMPILATION_CONDITIONS = DEBUG;
				SWIFT_OPTIMIZATION_LEVEL = "-Onone";
			};
			name = Debug;
		};
		D80AF0952740D466001117A0 /* Release */ = {
			isa = XCBuildConfiguration;
			buildSettings = {
				ALWAYS_SEARCH_USER_PATHS = NO;
				CLANG_ANALYZER_NONNULL = YES;
				CLANG_ANALYZER_NUMBER_OBJECT_CONVERSION = YES_AGGRESSIVE;
				CLANG_CXX_LANGUAGE_STANDARD = "gnu++17";
				CLANG_CXX_LIBRARY = "libc++";
				CLANG_ENABLE_MODULES = YES;
				CLANG_ENABLE_OBJC_ARC = YES;
				CLANG_ENABLE_OBJC_WEAK = YES;
				CLANG_WARN_BLOCK_CAPTURE_AUTORELEASING = YES;
				CLANG_WARN_BOOL_CONVERSION = YES;
				CLANG_WARN_COMMA = YES;
				CLANG_WARN_CONSTANT_CONVERSION = YES;
				CLANG_WARN_DEPRECATED_OBJC_IMPLEMENTATIONS = YES;
				CLANG_WARN_DIRECT_OBJC_ISA_USAGE = YES_ERROR;
				CLANG_WARN_DOCUMENTATION_COMMENTS = YES;
				CLANG_WARN_EMPTY_BODY = YES;
				CLANG_WARN_ENUM_CONVERSION = YES;
				CLANG_WARN_INFINITE_RECURSION = YES;
				CLANG_WARN_INT_CONVERSION = YES;
				CLANG_WARN_NON_LITERAL_NULL_CONVERSION = YES;
				CLANG_WARN_OBJC_IMPLICIT_RETAIN_SELF = YES;
				CLANG_WARN_OBJC_LITERAL_CONVERSION = YES;
				CLANG_WARN_OBJC_ROOT_CLASS = YES_ERROR;
				CLANG_WARN_QUOTED_INCLUDE_IN_FRAMEWORK_HEADER = YES;
				CLANG_WARN_RANGE_LOOP_ANALYSIS = YES;
				CLANG_WARN_STRICT_PROTOTYPES = YES;
				CLANG_WARN_SUSPICIOUS_MOVE = YES;
				CLANG_WARN_UNGUARDED_AVAILABILITY = YES_AGGRESSIVE;
				CLANG_WARN_UNREACHABLE_CODE = YES;
				CLANG_WARN__DUPLICATE_METHOD_MATCH = YES;
				COPY_PHASE_STRIP = NO;
				DEBUG_INFORMATION_FORMAT = "dwarf-with-dsym";
				ENABLE_NS_ASSERTIONS = NO;
				ENABLE_STRICT_OBJC_MSGSEND = YES;
				GCC_C_LANGUAGE_STANDARD = gnu11;
				GCC_NO_COMMON_BLOCKS = YES;
				GCC_WARN_64_TO_32_BIT_CONVERSION = YES;
				GCC_WARN_ABOUT_RETURN_TYPE = YES_ERROR;
				GCC_WARN_UNDECLARED_SELECTOR = YES;
				GCC_WARN_UNINITIALIZED_AUTOS = YES_AGGRESSIVE;
				GCC_WARN_UNUSED_FUNCTION = YES;
				GCC_WARN_UNUSED_VARIABLE = YES;
				MTL_ENABLE_DEBUG_INFO = NO;
				MTL_FAST_MATH = YES;
				SWIFT_COMPILATION_MODE = wholemodule;
				SWIFT_OPTIMIZATION_LEVEL = "-O";
			};
			name = Release;
		};
		D80AF0972740D466001117A0 /* Debug */ = {
			isa = XCBuildConfiguration;
			buildSettings = {
				ASSETCATALOG_COMPILER_COMPLICATION_NAME = Complication;
				CODE_SIGN_STYLE = Automatic;
				CURRENT_PROJECT_VERSION = 1;
				GENERATE_INFOPLIST_FILE = YES;
				INFOPLIST_FILE = "Apple-WatchConnectivity WatchKit Extension/Info.plist";
				INFOPLIST_KEY_CFBundleDisplayName = "Apple-WatchConnectivity WatchKit Extension";
				INFOPLIST_KEY_CLKComplicationPrincipalClass = "$(PRODUCT_MODULE_NAME).ComplicationController";
				INFOPLIST_KEY_NSHumanReadableCopyright = "";
				INFOPLIST_KEY_WKExtensionDelegateClassName = "$(PRODUCT_MODULE_NAME).ExtensionDelegate";
				INFOPLIST_KEY_WKRunsIndependentlyOfCompanionApp = YES;
				LD_RUNPATH_SEARCH_PATHS = (
					"$(inherited)",
					"@executable_path/Frameworks",
					"@executable_path/../../Frameworks",
				);
				MARKETING_VERSION = 1.0;
				PRODUCT_BUNDLE_IDENTIFIER = "com.yug.Apple-WatchConnectivity.watchkitapp.watchkitextension";
				PRODUCT_NAME = "${TARGET_NAME}";
				SDKROOT = watchos;
				SKIP_INSTALL = YES;
				SWIFT_EMIT_LOC_STRINGS = YES;
				SWIFT_VERSION = 5.0;
				TARGETED_DEVICE_FAMILY = 4;
				WATCHOS_DEPLOYMENT_TARGET = 8.0;
			};
			name = Debug;
		};
		D80AF0982740D466001117A0 /* Release */ = {
			isa = XCBuildConfiguration;
			buildSettings = {
				ASSETCATALOG_COMPILER_COMPLICATION_NAME = Complication;
				CODE_SIGN_STYLE = Automatic;
				CURRENT_PROJECT_VERSION = 1;
				GENERATE_INFOPLIST_FILE = YES;
				INFOPLIST_FILE = "Apple-WatchConnectivity WatchKit Extension/Info.plist";
				INFOPLIST_KEY_CFBundleDisplayName = "Apple-WatchConnectivity WatchKit Extension";
				INFOPLIST_KEY_CLKComplicationPrincipalClass = "$(PRODUCT_MODULE_NAME).ComplicationController";
				INFOPLIST_KEY_NSHumanReadableCopyright = "";
				INFOPLIST_KEY_WKExtensionDelegateClassName = "$(PRODUCT_MODULE_NAME).ExtensionDelegate";
				INFOPLIST_KEY_WKRunsIndependentlyOfCompanionApp = YES;
				LD_RUNPATH_SEARCH_PATHS = (
					"$(inherited)",
					"@executable_path/Frameworks",
					"@executable_path/../../Frameworks",
				);
				MARKETING_VERSION = 1.0;
				PRODUCT_BUNDLE_IDENTIFIER = "com.yug.Apple-WatchConnectivity.watchkitapp.watchkitextension";
				PRODUCT_NAME = "${TARGET_NAME}";
				SDKROOT = watchos;
				SKIP_INSTALL = YES;
				SWIFT_EMIT_LOC_STRINGS = YES;
				SWIFT_VERSION = 5.0;
				TARGETED_DEVICE_FAMILY = 4;
				VALIDATE_PRODUCT = YES;
				WATCHOS_DEPLOYMENT_TARGET = 8.0;
			};
			name = Release;
		};
		D80AF09B2740D466001117A0 /* Debug */ = {
			isa = XCBuildConfiguration;
			buildSettings = {
				ALWAYS_EMBED_SWIFT_STANDARD_LIBRARIES = YES;
				ASSETCATALOG_COMPILER_APPICON_NAME = AppIcon;
				ASSETCATALOG_COMPILER_GLOBAL_ACCENT_COLOR_NAME = AccentColor;
				CODE_SIGN_STYLE = Automatic;
				CURRENT_PROJECT_VERSION = 1;
				GENERATE_INFOPLIST_FILE = YES;
				IBSC_MODULE = Apple_WatchConnectivity_WatchKit_Extension;
				INFOPLIST_KEY_CFBundleDisplayName = "Apple-WatchConnectivity WatchKit App";
				INFOPLIST_KEY_UISupportedInterfaceOrientations = "UIInterfaceOrientationPortrait UIInterfaceOrientationPortraitUpsideDown";
				INFOPLIST_KEY_WKCompanionAppBundleIdentifier = "com.yug.Apple-WatchConnectivity";
				MARKETING_VERSION = 1.0;
				PRODUCT_BUNDLE_IDENTIFIER = "com.yug.Apple-WatchConnectivity.watchkitapp";
				PRODUCT_NAME = "$(TARGET_NAME)";
				SDKROOT = watchos;
				SKIP_INSTALL = YES;
				SWIFT_EMIT_LOC_STRINGS = YES;
				SWIFT_VERSION = 5.0;
				TARGETED_DEVICE_FAMILY = 4;
				WATCHOS_DEPLOYMENT_TARGET = 8.0;
			};
			name = Debug;
		};
		D80AF09C2740D466001117A0 /* Release */ = {
			isa = XCBuildConfiguration;
			buildSettings = {
				ALWAYS_EMBED_SWIFT_STANDARD_LIBRARIES = YES;
				ASSETCATALOG_COMPILER_APPICON_NAME = AppIcon;
				ASSETCATALOG_COMPILER_GLOBAL_ACCENT_COLOR_NAME = AccentColor;
				CODE_SIGN_STYLE = Automatic;
				CURRENT_PROJECT_VERSION = 1;
				GENERATE_INFOPLIST_FILE = YES;
				IBSC_MODULE = Apple_WatchConnectivity_WatchKit_Extension;
				INFOPLIST_KEY_CFBundleDisplayName = "Apple-WatchConnectivity WatchKit App";
				INFOPLIST_KEY_UISupportedInterfaceOrientations = "UIInterfaceOrientationPortrait UIInterfaceOrientationPortraitUpsideDown";
				INFOPLIST_KEY_WKCompanionAppBundleIdentifier = "com.yug.Apple-WatchConnectivity";
				MARKETING_VERSION = 1.0;
				PRODUCT_BUNDLE_IDENTIFIER = "com.yug.Apple-WatchConnectivity.watchkitapp";
				PRODUCT_NAME = "$(TARGET_NAME)";
				SDKROOT = watchos;
				SKIP_INSTALL = YES;
				SWIFT_EMIT_LOC_STRINGS = YES;
				SWIFT_VERSION = 5.0;
				TARGETED_DEVICE_FAMILY = 4;
				VALIDATE_PRODUCT = YES;
				WATCHOS_DEPLOYMENT_TARGET = 8.0;
			};
			name = Release;
		};
		D80AF09F2740D466001117A0 /* Debug */ = {
			isa = XCBuildConfiguration;
			buildSettings = {
				ASSETCATALOG_COMPILER_APPICON_NAME = AppIcon;
				ASSETCATALOG_COMPILER_GLOBAL_ACCENT_COLOR_NAME = AccentColor;
				CODE_SIGN_STYLE = Automatic;
				CURRENT_PROJECT_VERSION = 1;
				GENERATE_INFOPLIST_FILE = YES;
				INFOPLIST_FILE = "Apple-WatchConnectivity/Info.plist";
				INFOPLIST_KEY_UIApplicationSupportsIndirectInputEvents = YES;
				INFOPLIST_KEY_UILaunchStoryboardName = LaunchScreen;
				INFOPLIST_KEY_UIMainStoryboardFile = Main;
				INFOPLIST_KEY_UISupportedInterfaceOrientations_iPad = "UIInterfaceOrientationPortrait UIInterfaceOrientationPortraitUpsideDown UIInterfaceOrientationLandscapeLeft UIInterfaceOrientationLandscapeRight";
				INFOPLIST_KEY_UISupportedInterfaceOrientations_iPhone = "UIInterfaceOrientationPortrait UIInterfaceOrientationLandscapeLeft UIInterfaceOrientationLandscapeRight";
				IPHONEOS_DEPLOYMENT_TARGET = 15.0;
				LD_RUNPATH_SEARCH_PATHS = (
					"$(inherited)",
					"@executable_path/Frameworks",
				);
				MARKETING_VERSION = 1.0;
				PRODUCT_BUNDLE_IDENTIFIER = "com.yug.Apple-WatchConnectivity";
				PRODUCT_NAME = "$(TARGET_NAME)";
				SDKROOT = iphoneos;
				SWIFT_EMIT_LOC_STRINGS = YES;
				SWIFT_VERSION = 5.0;
				TARGETED_DEVICE_FAMILY = "1,2";
			};
			name = Debug;
		};
		D80AF0A02740D466001117A0 /* Release */ = {
			isa = XCBuildConfiguration;
			buildSettings = {
				ASSETCATALOG_COMPILER_APPICON_NAME = AppIcon;
				ASSETCATALOG_COMPILER_GLOBAL_ACCENT_COLOR_NAME = AccentColor;
				CODE_SIGN_STYLE = Automatic;
				CURRENT_PROJECT_VERSION = 1;
				GENERATE_INFOPLIST_FILE = YES;
				INFOPLIST_FILE = "Apple-WatchConnectivity/Info.plist";
				INFOPLIST_KEY_UIApplicationSupportsIndirectInputEvents = YES;
				INFOPLIST_KEY_UILaunchStoryboardName = LaunchScreen;
				INFOPLIST_KEY_UIMainStoryboardFile = Main;
				INFOPLIST_KEY_UISupportedInterfaceOrientations_iPad = "UIInterfaceOrientationPortrait UIInterfaceOrientationPortraitUpsideDown UIInterfaceOrientationLandscapeLeft UIInterfaceOrientationLandscapeRight";
				INFOPLIST_KEY_UISupportedInterfaceOrientations_iPhone = "UIInterfaceOrientationPortrait UIInterfaceOrientationLandscapeLeft UIInterfaceOrientationLandscapeRight";
				IPHONEOS_DEPLOYMENT_TARGET = 15.0;
				LD_RUNPATH_SEARCH_PATHS = (
					"$(inherited)",
					"@executable_path/Frameworks",
				);
				MARKETING_VERSION = 1.0;
				PRODUCT_BUNDLE_IDENTIFIER = "com.yug.Apple-WatchConnectivity";
				PRODUCT_NAME = "$(TARGET_NAME)";
				SDKROOT = iphoneos;
				SWIFT_EMIT_LOC_STRINGS = YES;
				SWIFT_VERSION = 5.0;
				TARGETED_DEVICE_FAMILY = "1,2";
				VALIDATE_PRODUCT = YES;
			};
			name = Release;
		};
/* End XCBuildConfiguration section */

/* Begin XCConfigurationList section */
		D80AF05C2740D45E001117A0 /* Build configuration list for PBXProject "Apple-WatchConnectivity" */ = {
			isa = XCConfigurationList;
			buildConfigurations = (
				D80AF0942740D466001117A0 /* Debug */,
				D80AF0952740D466001117A0 /* Release */,
			);
			defaultConfigurationIsVisible = 0;
			defaultConfigurationName = Release;
		};
		D80AF0962740D466001117A0 /* Build configuration list for PBXNativeTarget "Apple-WatchConnectivity WatchKit Extension" */ = {
			isa = XCConfigurationList;
			buildConfigurations = (
				D80AF0972740D466001117A0 /* Debug */,
				D80AF0982740D466001117A0 /* Release */,
			);
			defaultConfigurationIsVisible = 0;
			defaultConfigurationName = Release;
		};
		D80AF09A2740D466001117A0 /* Build configuration list for PBXNativeTarget "Apple-WatchConnectivity WatchKit App" */ = {
			isa = XCConfigurationList;
			buildConfigurations = (
				D80AF09B2740D466001117A0 /* Debug */,
				D80AF09C2740D466001117A0 /* Release */,
			);
			defaultConfigurationIsVisible = 0;
			defaultConfigurationName = Release;
		};
		D80AF09E2740D466001117A0 /* Build configuration list for PBXNativeTarget "Apple-WatchConnectivity" */ = {
			isa = XCConfigurationList;
			buildConfigurations = (
				D80AF09F2740D466001117A0 /* Debug */,
				D80AF0A02740D466001117A0 /* Release */,
			);
			defaultConfigurationIsVisible = 0;
			defaultConfigurationName = Release;
		};
/* End XCConfigurationList section */
	};
	rootObject = D80AF0592740D45E001117A0 /* Project object */;
}
